lockfileVersion: '6.0'

settings:
  autoInstallPeers: true
  excludeLinksFromLockfile: false

dependencies:
  node-downloader-helper:
    specifier: ^2.1.9
    version: 2.1.9

devDependencies:
  '@tsconfig/node-lts':
    specifier: ^20.1.0
    version: 20.1.0
  '@types/node':
    specifier: ^20.10.4
    version: 20.10.4
  prettier:
    specifier: 3.1.1
    version: 3.1.1
  typescript:
    specifier: ^5.3.3
    version: 5.3.3

packages:

  /@tsconfig/node-lts@20.1.0:
    resolution: {integrity: sha512-3w2D9MfGdqBL51pHB5nGFmGtXBn1gbO+n9xzwcGSvZPArtCn4tElk+6EeelLXispAeqv13GAgbzkgLNHtoxOCQ==}
    dev: true

  /@types/node@20.10.4:
    resolution: {integrity: sha512-D08YG6rr8X90YB56tSIuBaddy/UXAA9RKJoFvrsnogAum/0pmjkgi4+2nx96A330FmioegBWmEYQ+syqCFaveg==}
    dependencies:
      undici-types: 5.26.5
    dev: true

  /node-downloader-helper@2.1.9:
    resolution: {integrity: sha512-FSvAol2Z8UP191sZtsUZwHIN0eGoGue3uEXGdWIH5228e9KH1YHXT7fN8Oa33UGf+FbqGTQg3sJfrRGzmVCaJA==}
    engines: {node: '>=14.18'}
    hasBin: true
    dev: false

  /prettier@3.1.1:
    resolution: {integrity: sha512-22UbSzg8luF4UuZtzgiUOfcGM8s4tjBv6dJRT7j275NXsy2jb4aJa4NNveul5x4eqlF1wuhuR2RElK71RvmVaw==}
    engines: {node: '>=14'}
    hasBin: true
    dev: true

  /typescript@5.3.3:
    resolution: {integrity: sha512-pXWcraxM0uxAS+tN0AG/BF2TyqmHO014Z070UsJ+pFvYuRSq8KH8DmWpnbXe0pEPDHXZV3FcAbJkijJ5oNEnWw==}
    engines: {node: '>=14.17'}
    hasBin: true
    dev: true

  /undici-types@5.26.5:
    resolution: {integrity: sha512-JlCMO+ehdEIKqlFxk6IfVoAUVmgz7cU7zD/h9XZ0qzeosSHmUJVOzSQvvYSYWXkFXC+IfLKSIffhv0sVZup6pA==}
    dev: true
