lockfileVersion: '9.0'

settings:
  autoInstallPeers: true
  excludeLinksFromLockfile: false

importers:

  .:
    dependencies:
      es-toolkit:
        specifier: ^1.42.0
        version: 1.42.0
      node-downloader-helper:
        specifier: ^2.1.10
        version: 2.1.10
    devDependencies:
      '@types/node':
        specifier: ^24.10.1
        version: 24.10.1
      rolldown:
        specifier: 1.0.0-beta.53
        version: 1.0.0-beta.53

packages:

  '@emnapi/core@1.7.1':
    resolution: {integrity: sha512-o1uhUASyo921r2XtHYOHy7gdkGLge8ghBEQHMWmyJFoXlpU58kIrhhN3w26lpQb6dspetweapMn2CSNwQ8I4wg==}

  '@emnapi/runtime@1.7.1':
    resolution: {integrity: sha512-PVtJr5CmLwYAU9PZDMITZoR5iAOShYREoR45EyyLrbntV50mdePTgUn4AmOw90Ifcj+x2kRjdzr1HP3RrNiHGA==}

  '@emnapi/wasi-threads@1.1.0':
    resolution: {integrity: sha512-WI0DdZ8xFSbgMjR1sFsKABJ/C5OnRrjT06JXbZKexJGrDuPTzZdDYfFlsgcCXCyf+suG5QU2e/y1Wo2V/OapLQ==}

  '@napi-rs/wasm-runtime@1.1.0':
    resolution: {integrity: sha512-Fq6DJW+Bb5jaWE69/qOE0D1TUN9+6uWhCeZpdnSBk14pjLcCWR7Q8n49PTSPHazM37JqrsdpEthXy2xn6jWWiA==}

  '@oxc-project/types@0.101.0':
    resolution: {integrity: sha512-nuFhqlUzJX+gVIPPfuE6xurd4lST3mdcWOhyK/rZO0B9XWMKm79SuszIQEnSMmmDhq1DC8WWVYGVd+6F93o1gQ==}

  '@rolldown/binding-android-arm64@1.0.0-beta.53':
    resolution: {integrity: sha512-Ok9V8o7o6YfSdTTYA/uHH30r3YtOxLD6G3wih/U9DO0ucBBFq8WPt/DslU53OgfteLRHITZny9N/qCUxMf9kjQ==}
    engines: {node: ^20.19.0 || >=22.12.0}
    cpu: [arm64]
    os: [android]

  '@rolldown/binding-darwin-arm64@1.0.0-beta.53':
    resolution: {integrity: sha512-yIsKqMz0CtRnVa6x3Pa+mzTihr4Ty+Z6HfPbZ7RVbk1Uxnco4+CUn7Qbm/5SBol1JD/7nvY8rphAgyAi7Lj6Vg==}
    engines: {node: ^20.19.0 || >=22.12.0}
    cpu: [arm64]
    os: [darwin]

  '@rolldown/binding-darwin-x64@1.0.0-beta.53':
    resolution: {integrity: sha512-GTXe+mxsCGUnJOFMhfGWmefP7Q9TpYUseHvhAhr21nCTgdS8jPsvirb0tJwM3lN0/u/cg7bpFNa16fQrjKrCjQ==}
    engines: {node: ^20.19.0 || >=22.12.0}
    cpu: [x64]
    os: [darwin]

  '@rolldown/binding-freebsd-x64@1.0.0-beta.53':
    resolution: {integrity: sha512-9Tmp7bBvKqyDkMcL4e089pH3RsjD3SUungjmqWtyhNOxoQMh0fSmINTyYV8KXtE+JkxYMPWvnEt+/mfpVCkk8w==}
    engines: {node: ^20.19.0 || >=22.12.0}
    cpu: [x64]
    os: [freebsd]

  '@rolldown/binding-linux-arm-gnueabihf@1.0.0-beta.53':
    resolution: {integrity: sha512-a1y5fiB0iovuzdbjUxa7+Zcvgv+mTmlGGC4XydVIsyl48eoxgaYkA3l9079hyTyhECsPq+mbr0gVQsFU11OJAQ==}
    engines: {node: ^20.19.0 || >=22.12.0}
    cpu: [arm]
    os: [linux]

  '@rolldown/binding-linux-arm64-gnu@1.0.0-beta.53':
    resolution: {integrity: sha512-bpIGX+ov9PhJYV+wHNXl9rzq4F0QvILiURn0y0oepbQx+7stmQsKA0DhPGwmhfvF856wq+gbM8L92SAa/CBcLg==}
    engines: {node: ^20.19.0 || >=22.12.0}
    cpu: [arm64]
    os: [linux]

  '@rolldown/binding-linux-arm64-musl@1.0.0-beta.53':
    resolution: {integrity: sha512-bGe5EBB8FVjHBR1mOLOPEFg1Lp3//7geqWkU5NIhxe+yH0W8FVrQ6WRYOap4SUTKdklD/dC4qPLREkMMQ855FA==}
    engines: {node: ^20.19.0 || >=22.12.0}
    cpu: [arm64]
    os: [linux]

  '@rolldown/binding-linux-x64-gnu@1.0.0-beta.53':
    resolution: {integrity: sha512-qL+63WKVQs1CMvFedlPt0U9PiEKJOAL/bsHMKUDS6Vp2Q+YAv/QLPu8rcvkfIMvQ0FPU2WL0aX4eWwF6e/GAnA==}
    engines: {node: ^20.19.0 || >=22.12.0}
    cpu: [x64]
    os: [linux]

  '@rolldown/binding-linux-x64-musl@1.0.0-beta.53':
    resolution: {integrity: sha512-VGl9JIGjoJh3H8Mb+7xnVqODajBmrdOOb9lxWXdcmxyI+zjB2sux69br0hZJDTyLJfvBoYm439zPACYbCjGRmw==}
    engines: {node: ^20.19.0 || >=22.12.0}
    cpu: [x64]
    os: [linux]

  '@rolldown/binding-openharmony-arm64@1.0.0-beta.53':
    resolution: {integrity: sha512-B4iIserJXuSnNzA5xBLFUIjTfhNy7d9sq4FUMQY3GhQWGVhS2RWWzzDnkSU6MUt7/aHUrep0CdQfXUJI9D3W7A==}
    engines: {node: ^20.19.0 || >=22.12.0}
    cpu: [arm64]
    os: [openharmony]

  '@rolldown/binding-wasm32-wasi@1.0.0-beta.53':
    resolution: {integrity: sha512-BUjAEgpABEJXilGq/BPh7jeU3WAJ5o15c1ZEgHaDWSz3LB881LQZnbNJHmUiM4d1JQWMYYyR1Y490IBHi2FPJg==}
    engines: {node: '>=14.0.0'}
    cpu: [wasm32]

  '@rolldown/binding-win32-arm64-msvc@1.0.0-beta.53':
    resolution: {integrity: sha512-s27uU7tpCWSjHBnxyVXHt3rMrQdJq5MHNv3BzsewCIroIw3DJFjMH1dzCPPMUFxnh1r52Nf9IJ/eWp6LDoyGcw==}
    engines: {node: ^20.19.0 || >=22.12.0}
    cpu: [arm64]
    os: [win32]

  '@rolldown/binding-win32-x64-msvc@1.0.0-beta.53':
    resolution: {integrity: sha512-cjWL/USPJ1g0en2htb4ssMjIycc36RvdQAx1WlXnS6DpULswiUTVXPDesTifSKYSyvx24E0YqQkEm0K/M2Z/AA==}
    engines: {node: ^20.19.0 || >=22.12.0}
    cpu: [x64]
    os: [win32]

  '@rolldown/pluginutils@1.0.0-beta.53':
    resolution: {integrity: sha512-vENRlFU4YbrwVqNDZ7fLvy+JR1CRkyr01jhSiDpE1u6py3OMzQfztQU2jxykW3ALNxO4kSlqIDeYyD0Y9RcQeQ==}

  '@tybys/wasm-util@0.10.1':
    resolution: {integrity: sha512-9tTaPJLSiejZKx+Bmog4uSubteqTvFrVrURwkmHixBo0G4seD0zUxp98E1DzUBJxLQ3NPwXrGKDiVjwx/DpPsg==}

  '@types/node@24.10.1':
    resolution: {integrity: sha512-GNWcUTRBgIRJD5zj+Tq0fKOJ5XZajIiBroOF0yvj2bSU1WvNdYS/dn9UxwsujGW4JX06dnHyjV2y9rRaybH0iQ==}

  es-toolkit@1.42.0:
    resolution: {integrity: sha512-SLHIyY7VfDJBM8clz4+T2oquwTQxEzu263AyhVK4jREOAwJ+8eebaa4wM3nlvnAqhDrMm2EsA6hWHaQsMPQ1nA==}

  node-downloader-helper@2.1.10:
    resolution: {integrity: sha512-8LdieUd4Bqw/CzfZLf30h+1xSAq3riWSDfWKsPJYz8EULoWxjS1vw6BGLYFZDxQgXjDR7UmC9UpQ0oV93U98Fg==}
    engines: {node: '>=14.18'}
    hasBin: true

  rolldown@1.0.0-beta.53:
    resolution: {integrity: sha512-Qd9c2p0XKZdgT5AYd+KgAMggJ8ZmCs3JnS9PTMWkyUfteKlfmKtxJbWTHkVakxwXs1Ub7jrRYVeFeF7N0sQxyw==}
    engines: {node: ^20.19.0 || >=22.12.0}
    hasBin: true

  tslib@2.8.1:
    resolution: {integrity: sha512-oJFu94HQb+KVduSUQL7wnpmqnfmLsOA/nAh6b6EH0wCEoK0/mPeXU6c3wKDV83MkOuHPRHtSXKKU99IBazS/2w==}

  undici-types@7.16.0:
    resolution: {integrity: sha512-Zz+aZWSj8LE6zoxD+xrjh4VfkIG8Ya6LvYkZqtUQGJPZjYl53ypCaUwWqo7eI0x66KBGeRo+mlBEkMSeSZ38Nw==}

snapshots:

  '@emnapi/core@1.7.1':
    dependencies:
      '@emnapi/wasi-threads': 1.1.0
      tslib: 2.8.1
    optional: true

  '@emnapi/runtime@1.7.1':
    dependencies:
      tslib: 2.8.1
    optional: true

  '@emnapi/wasi-threads@1.1.0':
    dependencies:
      tslib: 2.8.1
    optional: true

  '@napi-rs/wasm-runtime@1.1.0':
    dependencies:
      '@emnapi/core': 1.7.1
      '@emnapi/runtime': 1.7.1
      '@tybys/wasm-util': 0.10.1
    optional: true

  '@oxc-project/types@0.101.0': {}

  '@rolldown/binding-android-arm64@1.0.0-beta.53':
    optional: true

  '@rolldown/binding-darwin-arm64@1.0.0-beta.53':
    optional: true

  '@rolldown/binding-darwin-x64@1.0.0-beta.53':
    optional: true

  '@rolldown/binding-freebsd-x64@1.0.0-beta.53':
    optional: true

  '@rolldown/binding-linux-arm-gnueabihf@1.0.0-beta.53':
    optional: true

  '@rolldown/binding-linux-arm64-gnu@1.0.0-beta.53':
    optional: true

  '@rolldown/binding-linux-arm64-musl@1.0.0-beta.53':
    optional: true

  '@rolldown/binding-linux-x64-gnu@1.0.0-beta.53':
    optional: true

  '@rolldown/binding-linux-x64-musl@1.0.0-beta.53':
    optional: true

  '@rolldown/binding-openharmony-arm64@1.0.0-beta.53':
    optional: true

  '@rolldown/binding-wasm32-wasi@1.0.0-beta.53':
    dependencies:
      '@napi-rs/wasm-runtime': 1.1.0
    optional: true

  '@rolldown/binding-win32-arm64-msvc@1.0.0-beta.53':
    optional: true

  '@rolldown/binding-win32-x64-msvc@1.0.0-beta.53':
    optional: true

  '@rolldown/pluginutils@1.0.0-beta.53': {}

  '@tybys/wasm-util@0.10.1':
    dependencies:
      tslib: 2.8.1
    optional: true

  '@types/node@24.10.1':
    dependencies:
      undici-types: 7.16.0

  es-toolkit@1.42.0: {}

  node-downloader-helper@2.1.10: {}

  rolldown@1.0.0-beta.53:
    dependencies:
      '@oxc-project/types': 0.101.0
      '@rolldown/pluginutils': 1.0.0-beta.53
    optionalDependencies:
      '@rolldown/binding-android-arm64': 1.0.0-beta.53
      '@rolldown/binding-darwin-arm64': 1.0.0-beta.53
      '@rolldown/binding-darwin-x64': 1.0.0-beta.53
      '@rolldown/binding-freebsd-x64': 1.0.0-beta.53
      '@rolldown/binding-linux-arm-gnueabihf': 1.0.0-beta.53
      '@rolldown/binding-linux-arm64-gnu': 1.0.0-beta.53
      '@rolldown/binding-linux-arm64-musl': 1.0.0-beta.53
      '@rolldown/binding-linux-x64-gnu': 1.0.0-beta.53
      '@rolldown/binding-linux-x64-musl': 1.0.0-beta.53
      '@rolldown/binding-openharmony-arm64': 1.0.0-beta.53
      '@rolldown/binding-wasm32-wasi': 1.0.0-beta.53
      '@rolldown/binding-win32-arm64-msvc': 1.0.0-beta.53
      '@rolldown/binding-win32-x64-msvc': 1.0.0-beta.53

  tslib@2.8.1:
    optional: true

  undici-types@7.16.0: {}
